// !$*UTF8*$!
{
	archiveVersion = 1;
	classes = {
	};
	objectVersion = 46;
	objects = {

/* Begin PBXBuildFile section */
		1713CAC41F8773CC00603612 /* main.c in Sources */ = {isa = PBXBuildFile; fileRef = 1713CAC31F8773CC00603612 /* main.c */; };
		17D7E5641F8903EA00B05078 /* main.c in Sources */ = {isa = PBXBuildFile; fileRef = 17D7E5631F8903EA00B05078 /* main.c */; };
		17D7E56C1F890ACD00B05078 /* test.c in Sources */ = {isa = PBXBuildFile; fileRef = 17D7E56B1F890ACD00B05078 /* test.c */; };
/* End PBXBuildFile section */

/* Begin PBXCopyFilesBuildPhase section */
		1713CABE1F8773CC00603612 /* CopyFiles */ = {
			isa = PBXCopyFilesBuildPhase;
			buildActionMask = 2147483647;
			dstPath = /usr/share/man/man1/;
			dstSubfolderSpec = 0;
			files = (
			);
			runOnlyForDeploymentPostprocessing = 1;
		};
/* End PBXCopyFilesBuildPhase section */

/* Begin PBXFileReference section */
		1713CAC01F8773CC00603612 /* dBconversion */ = {isa = PBXFileReference; explicitFileType = "compiled.mach-o.executable"; includeInIndex = 0; path = dBconversion; sourceTree = BUILT_PRODUCTS_DIR; };
		1713CAC31F8773CC00603612 /* main.c */ = {isa = PBXFileReference; lastKnownFileType = sourcecode.c.c; path = main.c; sourceTree = "<group>"; };
		1713CACE1F87865E00603612 /* UnitConversionTests.xctest */ = {isa = PBXFileReference; explicitFileType = wrapper.cfbundle; includeInIndex = 0; path = UnitConversionTests.xctest; sourceTree = BUILT_PRODUCTS_DIR; };
		17D7E5631F8903EA00B05078 /* main.c */ = {isa = PBXFileReference; explicitFileType = sourcecode.cpp.cpp; fileEncoding = 4; name = main.c; path = test/main.c; sourceTree = "<group>"; };
		17D7E5671F89089000B05078 /* include */ = {isa = PBXFileReference; lastKnownFileType = folder; name = include; path = ../../../../../../../../../../../usr/local/Cellar/cpputest/3.8/include; sourceTree = "<group>"; };
		17D7E5691F8908AC00B05078 /* lib */ = {isa = PBXFileReference; lastKnownFileType = folder; name = lib; path = ../../../../../../../../../../../usr/local/Cellar/cpputest/3.8/lib; sourceTree = "<group>"; };
		17D7E56B1F890ACD00B05078 /* test.c */ = {isa = PBXFileReference; explicitFileType = sourcecode.cpp.cpp; fileEncoding = 4; name = test.c; path = test/test.c; sourceTree = "<group>"; };
/* End PBXFileReference section */

/* Begin PBXFrameworksBuildPhase section */
		1713CABD1F8773CC00603612 /* Frameworks */ = {
			isa = PBXFrameworksBuildPhase;
			buildActionMask = 2147483647;
			files = (
			);
			runOnlyForDeploymentPostprocessing = 0;
		};
		1713CACB1F87865E00603612 /* Frameworks */ = {
			isa = PBXFrameworksBuildPhase;
			buildActionMask = 2147483647;
			files = (
			);
			runOnlyForDeploymentPostprocessing = 0;
		};
/* End PBXFrameworksBuildPhase section */

/* Begin PBXGroup section */
		1713CAB71F8773CC00603612 = {
			isa = PBXGroup;
			children = (
				17D7E5651F8903F000B05078 /* test */,
				1713CAC21F8773CC00603612 /* dBconversion */,
				1713CAC11F8773CC00603612 /* Products */,
				17D7E5661F89088F00B05078 /* Frameworks */,
			);
			sourceTree = "<group>";
		};
		1713CAC11F8773CC00603612 /* Products */ = {
			isa = PBXGroup;
			children = (
				1713CAC01F8773CC00603612 /* dBconversion */,
				1713CACE1F87865E00603612 /* UnitConversionTests.xctest */,
			);
			name = Products;
			sourceTree = "<group>";
		};
		1713CAC21F8773CC00603612 /* dBconversion */ = {
			isa = PBXGroup;
			children = (
				1713CAC31F8773CC00603612 /* main.c */,
			);
			path = dBconversion;
			sourceTree = "<group>";
		};
		17D7E5651F8903F000B05078 /* test */ = {
			isa = PBXGroup;
			children = (
				17D7E5631F8903EA00B05078 /* main.c */,
				17D7E56B1F890ACD00B05078 /* test.c */,
			);
			name = test;
			sourceTree = "<group>";
		};
		17D7E5661F89088F00B05078 /* Frameworks */ = {
			isa = PBXGroup;
			children = (
				17D7E5691F8908AC00B05078 /* lib */,
				17D7E5671F89089000B05078 /* include */,
			);
			name = Frameworks;
			sourceTree = "<group>";
		};
/* End PBXGroup section */

/* Begin PBXNativeTarget section */
		1713CABF1F8773CC00603612 /* dBconversion */ = {
			isa = PBXNativeTarget;
			buildConfigurationList = 1713CAC71F8773CC00603612 /* Build configuration list for PBXNativeTarget "dBconversion" */;
			buildPhases = (
				1713CABC1F8773CC00603612 /* Sources */,
				1713CABD1F8773CC00603612 /* Frameworks */,
				1713CABE1F8773CC00603612 /* CopyFiles */,
			);
			buildRules = (
			);
			dependencies = (
			);
			name = dBconversion;
			productName = dBconversion;
			productReference = 1713CAC01F8773CC00603612 /* dBconversion */;
			productType = "com.apple.product-type.tool";
		};
		1713CACD1F87865E00603612 /* UnitConversionTests */ = {
			isa = PBXNativeTarget;
			buildConfigurationList = 1713CAD31F87865E00603612 /* Build configuration list for PBXNativeTarget "UnitConversionTests" */;
			buildPhases = (
				1713CACA1F87865E00603612 /* Sources */,
				1713CACB1F87865E00603612 /* Frameworks */,
				1713CACC1F87865E00603612 /* Resources */,
			);
			buildRules = (
			);
			dependencies = (
			);
			name = UnitConversionTests;
			productName = UnitConversionTests;
			productReference = 1713CACE1F87865E00603612 /* UnitConversionTests.xctest */;
			productType = "com.apple.product-type.bundle.unit-test";
		};
/* End PBXNativeTarget section */

/* Begin PBXProject section */
		1713CAB81F8773CC00603612 /* Project object */ = {
			isa = PBXProject;
			attributes = {
				LastUpgradeCheck = 0820;
				ORGANIZATIONNAME = "Olly Seber";
				TargetAttributes = {
					1713CABF1F8773CC00603612 = {
						CreatedOnToolsVersion = 8.2.1;
						ProvisioningStyle = Automatic;
					};
					1713CACD1F87865E00603612 = {
						CreatedOnToolsVersion = 8.2.1;
						ProvisioningStyle = Automatic;
					};
				};
			};
			buildConfigurationList = 1713CABB1F8773CC00603612 /* Build configuration list for PBXProject "dBconversion" */;
			compatibilityVersion = "Xcode 3.2";
			developmentRegion = English;
			hasScannedForEncodings = 0;
			knownRegions = (
				en,
			);
			mainGroup = 1713CAB71F8773CC00603612;
			productRefGroup = 1713CAC11F8773CC00603612 /* Products */;
			projectDirPath = "";
			projectRoot = "";
			targets = (
				1713CABF1F8773CC00603612 /* dBconversion */,
				1713CACD1F87865E00603612 /* UnitConversionTests */,
			);
		};
/* End PBXProject section */

/* Begin PBXResourcesBuildPhase section */
		1713CACC1F87865E00603612 /* Resources */ = {
			isa = PBXResourcesBuildPhase;
			buildActionMask = 2147483647;
			files = (
			);
			runOnlyForDeploymentPostprocessing = 0;
		};
/* End PBXResourcesBuildPhase section */

/* Begin PBXSourcesBuildPhase section */
		1713CABC1F8773CC00603612 /* Sources */ = {
			isa = PBXSourcesBuildPhase;
			buildActionMask = 2147483647;
			files = (
				17D7E56C1F890ACD00B05078 /* test.c in Sources */,
				17D7E5641F8903EA00B05078 /* main.c in Sources */,
				1713CAC41F8773CC00603612 /* main.c in Sources */,
			);
			runOnlyForDeploymentPostprocessing = 0;
		};
		1713CACA1F87865E00603612 /* Sources */ = {
			isa = PBXSourcesBuildPhase;
			buildActionMask = 2147483647;
			files = (
			);
			runOnlyForDeploymentPostprocessing = 0;
		};
/* End PBXSourcesBuildPhase section */

/* Begin XCBuildConfiguration section */
		1713CAC51F8773CC00603612 /* Debug */ = {
			isa = XCBuildConfiguration;
			buildSettings = {
				ALWAYS_SEARCH_USER_PATHS = YES;
				CLANG_ANALYZER_NONNULL = YES;
				CLANG_CXX_LANGUAGE_STANDARD = "gnu++0x";
				CLANG_CXX_LIBRARY = "libc++";
				CLANG_ENABLE_MODULES = YES;
				CLANG_ENABLE_OBJC_ARC = YES;
				CLANG_WARN_BOOL_CONVERSION = YES;
				CLANG_WARN_CONSTANT_CONVERSION = YES;
				CLANG_WARN_DIRECT_OBJC_ISA_USAGE = YES_ERROR;
				CLANG_WARN_DOCUMENTATION_COMMENTS = YES;
				CLANG_WARN_EMPTY_BODY = YES;
				CLANG_WARN_ENUM_CONVERSION = YES;
				CLANG_WARN_INFINITE_RECURSION = YES;
				CLANG_WARN_INT_CONVERSION = YES;
				CLANG_WARN_OBJC_ROOT_CLASS = YES_ERROR;
				CLANG_WARN_SUSPICIOUS_MOVE = YES;
				CLANG_WARN_UNREACHABLE_CODE = YES;
				CLANG_WARN__DUPLICATE_METHOD_MATCH = YES;
				CODE_SIGN_IDENTITY = "-";
				COPY_PHASE_STRIP = NO;
				DEBUG_INFORMATION_FORMAT = dwarf;
				ENABLE_STRICT_OBJC_MSGSEND = YES;
				ENABLE_TESTABILITY = YES;
				GCC_C_LANGUAGE_STANDARD = gnu99;
				GCC_DYNAMIC_NO_PIC = NO;
				GCC_NO_COMMON_BLOCKS = YES;
				GCC_OPTIMIZATION_LEVEL = 0;
				GCC_PREPROCESSOR_DEFINITIONS = (
					"DEBUG=1",
					"$(inherited)",
				);
				GCC_WARN_64_TO_32_BIT_CONVERSION = YES;
				GCC_WARN_ABOUT_RETURN_TYPE = YES_ERROR;
				GCC_WARN_UNDECLARED_SELECTOR = YES;
				GCC_WARN_UNINITIALIZED_AUTOS = YES_AGGRESSIVE;
				GCC_WARN_UNUSED_FUNCTION = YES;
				GCC_WARN_UNUSED_VARIABLE = YES;
				MACOSX_DEPLOYMENT_TARGET = 10.11;
				MTL_ENABLE_DEBUG_INFO = YES;
				ONLY_ACTIVE_ARCH = YES;
				SDKROOT = macosx;
			};
			name = Debug;
		};
		1713CAC61F8773CC00603612 /* Release */ = {
			isa = XCBuildConfiguration;
			buildSettings = {
				ALWAYS_SEARCH_USER_PATHS = YES;
				CLANG_ANALYZER_NONNULL = YES;
				CLANG_CXX_LANGUAGE_STANDARD = "gnu++0x";
				CLANG_CXX_LIBRARY = "libc++";
				CLANG_ENABLE_MODULES = YES;
				CLANG_ENABLE_OBJC_ARC = YES;
				CLANG_WARN_BOOL_CONVERSION = YES;
				CLANG_WARN_CONSTANT_CONVERSION = YES;
				CLANG_WARN_DIRECT_OBJC_ISA_USAGE = YES_ERROR;
				CLANG_WARN_DOCUMENTATION_COMMENTS = YES;
				CLANG_WARN_EMPTY_BODY = YES;
				CLANG_WARN_ENUM_CONVERSION = YES;
				CLANG_WARN_INFINITE_RECURSION = YES;
				CLANG_WARN_INT_CONVERSION = YES;
				CLANG_WARN_OBJC_ROOT_CLASS = YES_ERROR;
				CLANG_WARN_SUSPICIOUS_MOVE = YES;
				CLANG_WARN_UNREACHABLE_CODE = YES;
				CLANG_WARN__DUPLICATE_METHOD_MATCH = YES;
				CODE_SIGN_IDENTITY = "-";
				COPY_PHASE_STRIP = NO;
				DEBUG_INFORMATION_FORMAT = "dwarf-with-dsym";
				ENABLE_NS_ASSERTIONS = NO;
				ENABLE_STRICT_OBJC_MSGSEND = YES;
				GCC_C_LANGUAGE_STANDARD = gnu99;
				GCC_NO_COMMON_BLOCKS = YES;
				GCC_WARN_64_TO_32_BIT_CONVERSION = YES;
				GCC_WARN_ABOUT_RETURN_TYPE = YES_ERROR;
				GCC_WARN_UNDECLARED_SELECTOR = YES;
				GCC_WARN_UNINITIALIZED_AUTOS = YES_AGGRESSIVE;
				GCC_WARN_UNUSED_FUNCTION = YES;
				GCC_WARN_UNUSED_VARIABLE = YES;
				MACOSX_DEPLOYMENT_TARGET = 10.11;
				MTL_ENABLE_DEBUG_INFO = NO;
				SDKROOT = macosx;
			};
			name = Release;
		};
		1713CAC81F8773CC00603612 /* Debug */ = {
			isa = XCBuildConfiguration;
			buildSettings = {
				CONFIGURATION_BUILD_DIR = "$(PROJECT_DIR)/Build$(CONFIGURATION)$(EFFECTIVE_PLATFORM_NAME)";
				HEADER_SEARCH_PATHS = "/usr/local/Cellar/cpputest/3.8/include/**";
				LIBRARY_SEARCH_PATHS = "/usr/local/Cellar/cpputest/3.8/lib/**";
				PRODUCT_NAME = "$(TARGET_NAME)";
			};
			name = Debug;
		};
		1713CAC91F8773CC00603612 /* Release */ = {
			isa = XCBuildConfiguration;
			buildSettings = {
				CONFIGURATION_BUILD_DIR = "$(PROJECT_DIR)/Build$(CONFIGURATION)$(EFFECTIVE_PLATFORM_NAME)";
				HEADER_SEARCH_PATHS = "/usr/local/Cellar/cpputest/3.8/include/**";
				LIBRARY_SEARCH_PATHS = "/usr/local/Cellar/cpputest/3.8/lib/**";
				PRODUCT_NAME = "$(TARGET_NAME)";
			};
			name = Release;
		};
		1713CAD41F87865E00603612 /* Debug */ = {
			isa = XCBuildConfiguration;
			buildSettings = {
				COMBINE_HIDPI_IMAGES = YES;
				INFOPLIST_FILE = UnitConversionTests/Info.plist;
				LD_RUNPATH_SEARCH_PATHS = "$(inherited) @executable_path/../Frameworks @loader_path/../Frameworks";
				PRODUCT_BUNDLE_IDENTIFIER = com.ollyseber.UnitConversionTests;
				PRODUCT_NAME = "$(TARGET_NAME)";
			};
			name = Debug;
		};
		1713CAD51F87865E00603612 /* Release */ = {
			isa = XCBuildConfiguration;
			buildSettings = {
				COMBINE_HIDPI_IMAGES = YES;
				INFOPLIST_FILE = UnitConversionTests/Info.plist;
				LD_RUNPATH_SEARCH_PATHS = "$(inherited) @executable_path/../Frameworks @loader_path/../Frameworks";
				PRODUCT_BUNDLE_IDENTIFIER = com.ollyseber.UnitConversionTests;
				PRODUCT_NAME = "$(TARGET_NAME)";
			};
			name = Release;
		};
/* End XCBuildConfiguration section */

/* Begin XCConfigurationList section */
		1713CABB1F8773CC00603612 /* Build configuration list for PBXProject "dBconversion" */ = {
			isa = XCConfigurationList;
			buildConfigurations = (
				1713CAC51F8773CC00603612 /* Debug */,
				1713CAC61F8773CC00603612 /* Release */,
			);
			defaultConfigurationIsVisible = 0;
			defaultConfigurationName = Release;
		};
		1713CAC71F8773CC00603612 /* Build configuration list for PBXNativeTarget "dBconversion" */ = {
			isa = XCConfigurationList;
			buildConfigurations = (
				1713CAC81F8773CC00603612 /* Debug */,
				1713CAC91F8773CC00603612 /* Release */,
			);
			defaultConfigurationIsVisible = 0;
			defaultConfigurationName = Release;
		};
		1713CAD31F87865E00603612 /* Build configuration list for PBXNativeTarget "UnitConversionTests" */ = {
			isa = XCConfigurationList;
			buildConfigurations = (
				1713CAD41F87865E00603612 /* Debug */,
				1713CAD51F87865E00603612 /* Release */,
			);
			defaultConfigurationIsVisible = 0;
			defaultConfigurationName = Release;
		};
/* End XCConfigurationList section */
	};
	rootObject = 1713CAB81F8773CC00603612 /* Project object */;
}
